// !$*UTF8*$!
{
	archiveVersion = 1;
	classes = {
	};
	objectVersion = 46;
	objects = {

/* Begin PBXBuildFile section */
		3767DC911CACCE5000F6004D /* main.m in Sources */ = {isa = PBXBuildFile; fileRef = 3767DC901CACCE5000F6004D /* main.m */; };
		3767DC941CACCE5000F6004D /* AppDelegate.m in Sources */ = {isa = PBXBuildFile; fileRef = 3767DC931CACCE5000F6004D /* AppDelegate.m */; };
		3767DC971CACCE5000F6004D /* ViewController.m in Sources */ = {isa = PBXBuildFile; fileRef = 3767DC961CACCE5000F6004D /* ViewController.m */; };
		3767DC9A1CACCE5000F6004D /* Main.storyboard in Resources */ = {isa = PBXBuildFile; fileRef = 3767DC981CACCE5000F6004D /* Main.storyboard */; };
		3767DC9C1CACCE5000F6004D /* Assets.xcassets in Resources */ = {isa = PBXBuildFile; fileRef = 3767DC9B1CACCE5000F6004D /* Assets.xcassets */; };
		3767DC9F1CACCE5000F6004D /* LaunchScreen.storyboard in Resources */ = {isa = PBXBuildFile; fileRef = 3767DC9D1CACCE5000F6004D /* LaunchScreen.storyboard */; };
		3767DCAA1CACCE5200F6004D /* TableViewSingleSelectDemoTests.m in Sources */ = {isa = PBXBuildFile; fileRef = 3767DCA91CACCE5200F6004D /* TableViewSingleSelectDemoTests.m */; };
		3767DCB61CACD25F00F6004D /* Model.m in Sources */ = {isa = PBXBuildFile; fileRef = 3767DCB51CACD25F00F6004D /* Model.m */; };
		3767DCB91CACD2B600F6004D /* TableViewCell.m in Sources */ = {isa = PBXBuildFile; fileRef = 3767DCB81CACD2B600F6004D /* TableViewCell.m */; };
/* End PBXBuildFile section */

/* Begin PBXContainerItemProxy section */
		3767DCA61CACCE5200F6004D /* PBXContainerItemProxy */ = {
			isa = PBXContainerItemProxy;
			containerPortal = 3767DC841CACCE4E00F6004D /* Project object */;
			proxyType = 1;
			remoteGlobalIDString = 3767DC8B1CACCE4F00F6004D;
			remoteInfo = TableViewSingleSelectDemo;
		};
/* End PBXContainerItemProxy section */

/* Begin PBXFileReference section */
		3767DC8C1CACCE4F00F6004D /* TableViewSingleSelectDemo.app */ = {isa = PBXFileReference; explicitFileType = wrapper.application; includeInIndex = 0; path = TableViewSingleSelectDemo.app; sourceTree = BUILT_PRODUCTS_DIR; };
		3767DC901CACCE5000F6004D /* main.m */ = {isa = PBXFileReference; lastKnownFileType = sourcecode.c.objc; path = main.m; sourceTree = "<group>"; };
		3767DC921CACCE5000F6004D /* AppDelegate.h */ = {isa = PBXFileReference; lastKnownFileType = sourcecode.c.h; path = AppDelegate.h; sourceTree = "<group>"; };
		3767DC931CACCE5000F6004D /* AppDelegate.m */ = {isa = PBXFileReference; lastKnownFileType = sourcecode.c.objc; path = AppDelegate.m; sourceTree = "<group>"; };
		3767DC951CACCE5000F6004D /* ViewController.h */ = {isa = PBXFileReference; lastKnownFileType = sourcecode.c.h; path = ViewController.h; sourceTree = "<group>"; };
		3767DC961CACCE5000F6004D /* ViewController.m */ = {isa = PBXFileReference; lastKnownFileType = sourcecode.c.objc; path = ViewController.m; sourceTree = "<group>"; };
		3767DC991CACCE5000F6004D /* Base */ = {isa = PBXFileReference; lastKnownFileType = file.storyboard; name = Base; path = Base.lproj/Main.storyboard; sourceTree = "<group>"; };
		3767DC9B1CACCE5000F6004D /* Assets.xcassets */ = {isa = PBXFileReference; lastKnownFileType = folder.assetcatalog; path = Assets.xcassets; sourceTree = "<group>"; };
		3767DC9E1CACCE5000F6004D /* Base */ = {isa = PBXFileReference; lastKnownFileType = file.storyboard; name = Base; path = Base.lproj/LaunchScreen.storyboard; sourceTree = "<group>"; };
		3767DCA01CACCE5000F6004D /* Info.plist */ = {isa = PBXFileReference; lastKnownFileType = text.plist.xml; path = Info.plist; sourceTree = "<group>"; };
		3767DCA51CACCE5200F6004D /* TableViewSingleSelectDemoTests.xctest */ = {isa = PBXFileReference; explicitFileType = wrapper.cfbundle; includeInIndex = 0; path = TableViewSingleSelectDemoTests.xctest; sourceTree = BUILT_PRODUCTS_DIR; };
		3767DCA91CACCE5200F6004D /* TableViewSingleSelectDemoTests.m */ = {isa = PBXFileReference; lastKnownFileType = sourcecode.c.objc; path = TableViewSingleSelectDemoTests.m; sourceTree = "<group>"; };
		3767DCAB1CACCE5200F6004D /* Info.plist */ = {isa = PBXFileReference; lastKnownFileType = text.plist.xml; path = Info.plist; sourceTree = "<group>"; };
		3767DCB41CACD25F00F6004D /* Model.h */ = {isa = PBXFileReference; fileEncoding = 4; lastKnownFileType = sourcecode.c.h; path = Model.h; sourceTree = "<group>"; };
		3767DCB51CACD25F00F6004D /* Model.m */ = {isa = PBXFileReference; fileEncoding = 4; lastKnownFileType = sourcecode.c.objc; path = Model.m; sourceTree = "<group>"; };
		3767DCB71CACD2B600F6004D /* TableViewCell.h */ = {isa = PBXFileReference; fileEncoding = 4; lastKnownFileType = sourcecode.c.h; path = TableViewCell.h; sourceTree = "<group>"; };
		3767DCB81CACD2B600F6004D /* TableViewCell.m */ = {isa = PBXFileReference; fileEncoding = 4; lastKnownFileType = sourcecode.c.objc; path = TableViewCell.m; sourceTree = "<group>"; };
/* End PBXFileReference section */

/* Begin PBXFrameworksBuildPhase section */
		3767DC891CACCE4F00F6004D /* Frameworks */ = {
			isa = PBXFrameworksBuildPhase;
			buildActionMask = 2147483647;
			files = (
			);
			runOnlyForDeploymentPostprocessing = 0;
		};
		3767DCA21CACCE5200F6004D /* Frameworks */ = {
			isa = PBXFrameworksBuildPhase;
			buildActionMask = 2147483647;
			files = (
			);
			runOnlyForDeploymentPostprocessing = 0;
		};
/* End PBXFrameworksBuildPhase section */

/* Begin PBXGroup section */
		3767DC831CACCE4E00F6004D = {
			isa = PBXGroup;
			children = (
				3767DC8E1CACCE5000F6004D /* TableViewSingleSelectDemo */,
				3767DCA81CACCE5200F6004D /* TableViewSingleSelectDemoTests */,
				3767DC8D1CACCE4F00F6004D /* Products */,
			);
			sourceTree = "<group>";
		};
		3767DC8D1CACCE4F00F6004D /* Products */ = {
			isa = PBXGroup;
			children = (
				3767DC8C1CACCE4F00F6004D /* TableViewSingleSelectDemo.app */,
				3767DCA51CACCE5200F6004D /* TableViewSingleSelectDemoTests.xctest */,
			);
			name = Products;
			sourceTree = "<group>";
		};
		3767DC8E1CACCE5000F6004D /* TableViewSingleSelectDemo */ = {
			isa = PBXGroup;
			children = (
				3767DC921CACCE5000F6004D /* AppDelegate.h */,
				3767DC931CACCE5000F6004D /* AppDelegate.m */,
				3767DC951CACCE5000F6004D /* ViewController.h */,
				3767DC961CACCE5000F6004D /* ViewController.m */,
				3767DCB71CACD2B600F6004D /* TableViewCell.h */,
				3767DCB81CACD2B600F6004D /* TableViewCell.m */,
				3767DCB41CACD25F00F6004D /* Model.h */,
				3767DCB51CACD25F00F6004D /* Model.m */,
				3767DC8F1CACCE5000F6004D /* Supporting Files */,
			);
			path = TableViewSingleSelectDemo;
			sourceTree = "<group>";
		};
		3767DC8F1CACCE5000F6004D /* Supporting Files */ = {
			isa = PBXGroup;
			children = (
				3767DC981CACCE5000F6004D /* Main.storyboard */,
				3767DC9B1CACCE5000F6004D /* Assets.xcassets */,
				3767DC9D1CACCE5000F6004D /* LaunchScreen.storyboard */,
				3767DCA01CACCE5000F6004D /* Info.plist */,
				3767DC901CACCE5000F6004D /* main.m */,
			);
			name = "Supporting Files";
			sourceTree = "<group>";
		};
		3767DCA81CACCE5200F6004D /* TableViewSingleSelectDemoTests */ = {
			isa = PBXGroup;
			children = (
				3767DCA91CACCE5200F6004D /* TableViewSingleSelectDemoTests.m */,
				3767DCAB1CACCE5200F6004D /* Info.plist */,
			);
			path = TableViewSingleSelectDemoTests;
			sourceTree = "<group>";
		};
/* End PBXGroup section */

/* Begin PBXNativeTarget section */
		3767DC8B1CACCE4F00F6004D /* TableViewSingleSelectDemo */ = {
			isa = PBXNativeTarget;
			buildConfigurationList = 3767DCAE1CACCE5200F6004D /* Build configuration list for PBXNativeTarget "TableViewSingleSelectDemo" */;
			buildPhases = (
				3767DC881CACCE4F00F6004D /* Sources */,
				3767DC891CACCE4F00F6004D /* Frameworks */,
				3767DC8A1CACCE4F00F6004D /* Resources */,
			);
			buildRules = (
			);
			dependencies = (
			);
			name = TableViewSingleSelectDemo;
			productName = TableViewSingleSelectDemo;
			productReference = 3767DC8C1CACCE4F00F6004D /* TableViewSingleSelectDemo.app */;
			productType = "com.apple.product-type.application";
		};
		3767DCA41CACCE5200F6004D /* TableViewSingleSelectDemoTests */ = {
			isa = PBXNativeTarget;
			buildConfigurationList = 3767DCB11CACCE5200F6004D /* Build configuration list for PBXNativeTarget "TableViewSingleSelectDemoTests" */;
			buildPhases = (
				3767DCA11CACCE5200F6004D /* Sources */,
				3767DCA21CACCE5200F6004D /* Frameworks */,
				3767DCA31CACCE5200F6004D /* Resources */,
			);
			buildRules = (
			);
			dependencies = (
				3767DCA71CACCE5200F6004D /* PBXTargetDependency */,
			);
			name = TableViewSingleSelectDemoTests;
			productName = TableViewSingleSelectDemoTests;
			productReference = 3767DCA51CACCE5200F6004D /* TableViewSingleSelectDemoTests.xctest */;
			productType = "com.apple.product-type.bundle.unit-test";
		};
/* End PBXNativeTarget section */

/* Begin PBXProject section */
		3767DC841CACCE4E00F6004D /* Project object */ = {
			isa = PBXProject;
			attributes = {
				LastUpgradeCheck = 0730;
				ORGANIZATIONNAME = "北京蓝科新宇教育科技股份有限公司";
				TargetAttributes = {
					3767DC8B1CACCE4F00F6004D = {
						CreatedOnToolsVersion = 7.3;
					};
					3767DCA41CACCE5200F6004D = {
						CreatedOnToolsVersion = 7.3;
						TestTargetID = 3767DC8B1CACCE4F00F6004D;
					};
				};
			};
			buildConfigurationList = 3767DC871CACCE4E00F6004D /* Build configuration list for PBXProject "TableViewSingleSelectDemo" */;
			compatibilityVersion = "Xcode 3.2";
			developmentRegion = English;
			hasScannedForEncodings = 0;
			knownRegions = (
				en,
				Base,
			);
			mainGroup = 3767DC831CACCE4E00F6004D;
			productRefGroup = 3767DC8D1CACCE4F00F6004D /* Products */;
			projectDirPath = "";
			projectRoot = "";
			targets = (
				3767DC8B1CACCE4F00F6004D /* TableViewSingleSelectDemo */,
				3767DCA41CACCE5200F6004D /* TableViewSingleSelectDemoTests */,
			);
		};
/* End PBXProject section */

/* Begin PBXResourcesBuildPhase section */
		3767DC8A1CACCE4F00F6004D /* Resources */ = {
			isa = PBXResourcesBuildPhase;
			buildActionMask = 2147483647;
			files = (
				3767DC9F1CACCE5000F6004D /* LaunchScreen.storyboard in Resources */,
				3767DC9C1CACCE5000F6004D /* Assets.xcassets in Resources */,
				3767DC9A1CACCE5000F6004D /* Main.storyboard in Resources */,
			);
			runOnlyForDeploymentPostprocessing = 0;
		};
		3767DCA31CACCE5200F6004D /* Resources */ = {
			isa = PBXResourcesBuildPhase;
			buildActionMask = 2147483647;
			files = (
			);
			runOnlyForDeploymentPostprocessing = 0;
		};
/* End PBXResourcesBuildPhase section */

/* Begin PBXSourcesBuildPhase section */
		3767DC881CACCE4F00F6004D /* Sources */ = {
			isa = PBXSourcesBuildPhase;
			buildActionMask = 2147483647;
			files = (
				3767DC971CACCE5000F6004D /* ViewController.m in Sources */,
				3767DC941CACCE5000F6004D /* AppDelegate.m in Sources */,
				3767DC911CACCE5000F6004D /* main.m in Sources */,
				3767DCB91CACD2B600F6004D /* TableViewCell.m in Sources */,
				3767DCB61CACD25F00F6004D /* Model.m in Sources */,
			);
			runOnlyForDeploymentPostprocessing = 0;
		};
		3767DCA11CACCE5200F6004D /* Sources */ = {
			isa = PBXSourcesBuildPhase;
			buildActionMask = 2147483647;
			files = (
				3767DCAA1CACCE5200F6004D /* TableViewSingleSelectDemoTests.m in Sources */,
			);
			runOnlyForDeploymentPostprocessing = 0;
		};
/* End PBXSourcesBuildPhase section */

/* Begin PBXTargetDependency section */
		3767DCA71CACCE5200F6004D /* PBXTargetDependency */ = {
			isa = PBXTargetDependency;
			target = 3767DC8B1CACCE4F00F6004D /* TableViewSingleSelectDemo */;
			targetProxy = 3767DCA61CACCE5200F6004D /* PBXContainerItemProxy */;
		};
/* End PBXTargetDependency section */

/* Begin PBXVariantGroup section */
		3767DC981CACCE5000F6004D /* Main.storyboard */ = {
			isa = PBXVariantGroup;
			children = (
				3767DC991CACCE5000F6004D /* Base */,
			);
			name = Main.storyboard;
			sourceTree = "<group>";
		};
		3767DC9D1CACCE5000F6004D /* LaunchScreen.storyboard */ = {
			isa = PBXVariantGroup;
			children = (
				3767DC9E1CACCE5000F6004D /* Base */,
			);
			name = LaunchScreen.storyboard;
			sourceTree = "<group>";
		};
/* End PBXVariantGroup section */

/* Begin XCBuildConfiguration section */
		3767DCAC1CACCE5200F6004D /* Debug */ = {
			isa = XCBuildConfiguration;
			buildSettings = {
				ALWAYS_SEARCH_USER_PATHS = NO;
				CLANG_ANALYZER_NONNULL = YES;
				CLANG_CXX_LANGUAGE_STANDARD = "gnu++0x";
				CLANG_CXX_LIBRARY = "libc++";
				CLANG_ENABLE_MODULES = YES;
				CLANG_ENABLE_OBJC_ARC = YES;
				CLANG_WARN_BOOL_CONVERSION = YES;
				CLANG_WARN_CONSTANT_CONVERSION = YES;
				CLANG_WARN_DIRECT_OBJC_ISA_USAGE = YES_ERROR;
				CLANG_WARN_EMPTY_BODY = YES;
				CLANG_WARN_ENUM_CONVERSION = YES;
				CLANG_WARN_INT_CONVERSION = YES;
				CLANG_WARN_OBJC_ROOT_CLASS = YES_ERROR;
				CLANG_WARN_UNREACHABLE_CODE = YES;
				CLANG_WARN__DUPLICATE_METHOD_MATCH = YES;
				"CODE_SIGN_IDENTITY[sdk=iphoneos*]" = "iPhone Developer";
				COPY_PHASE_STRIP = NO;
				DEBUG_INFORMATION_FORMAT = dwarf;
				ENABLE_STRICT_OBJC_MSGSEND = YES;
				ENABLE_TESTABILITY = YES;
				GCC_C_LANGUAGE_STANDARD = gnu99;
				GCC_DYNAMIC_NO_PIC = NO;
				GCC_NO_COMMON_BLOCKS = YES;
				GCC_OPTIMIZATION_LEVEL = 0;
				GCC_PREPROCESSOR_DEFINITIONS = (
					"DEBUG=1",
					"$(inherited)",
				);
				GCC_WARN_64_TO_32_BIT_CONVERSION = YES;
				GCC_WARN_ABOUT_RETURN_TYPE = YES_ERROR;
				GCC_WARN_UNDECLARED_SELECTOR = YES;
				GCC_WARN_UNINITIALIZED_AUTOS = YES_AGGRESSIVE;
				GCC_WARN_UNUSED_FUNCTION = YES;
				GCC_WARN_UNUSED_VARIABLE = YES;
				IPHONEOS_DEPLOYMENT_TARGET = 9.3;
				MTL_ENABLE_DEBUG_INFO = YES;
				ONLY_ACTIVE_ARCH = YES;
				SDKROOT = iphoneos;
			};
			name = Debug;
		};
		3767DCAD1CACCE5200F6004D /* Release */ = {
			isa = XCBuildConfiguration;
			buildSettings = {
				ALWAYS_SEARCH_USER_PATHS = NO;
				CLANG_ANALYZER_NONNULL = YES;
				CLANG_CXX_LANGUAGE_STANDARD = "gnu++0x";
				CLANG_CXX_LIBRARY = "libc++";
				CLANG_ENABLE_MODULES = YES;
				CLANG_ENABLE_OBJC_ARC = YES;
				CLANG_WARN_BOOL_CONVERSION = YES;
				CLANG_WARN_CONSTANT_CONVERSION = YES;
				CLANG_WARN_DIRECT_OBJC_ISA_USAGE = YES_ERROR;
				CLANG_WARN_EMPTY_BODY = YES;
				CLANG_WARN_ENUM_CONVERSION = YES;
				CLANG_WARN_INT_CONVERSION = YES;
				CLANG_WARN_OBJC_ROOT_CLASS = YES_ERROR;
				CLANG_WARN_UNREACHABLE_CODE = YES;
				CLANG_WARN__DUPLICATE_METHOD_MATCH = YES;
				"CODE_SIGN_IDENTITY[sdk=iphoneos*]" = "iPhone Developer";
				COPY_PHASE_STRIP = NO;
				DEBUG_INFORMATION_FORMAT = "dwarf-with-dsym";
				ENABLE_NS_ASSERTIONS = NO;
				ENABLE_STRICT_OBJC_MSGSEND = YES;
				GCC_C_LANGUAGE_STANDARD = gnu99;
				GCC_NO_COMMON_BLOCKS = YES;
				GCC_WARN_64_TO_32_BIT_CONVERSION = YES;
				GCC_WARN_ABOUT_RETURN_TYPE = YES_ERROR;
				GCC_WARN_UNDECLARED_SELECTOR = YES;
				GCC_WARN_UNINITIALIZED_AUTOS = YES_AGGRESSIVE;
				GCC_WARN_UNUSED_FUNCTION = YES;
				GCC_WARN_UNUSED_VARIABLE = YES;
				IPHONEOS_DEPLOYMENT_TARGET = 9.3;
				MTL_ENABLE_DEBUG_INFO = NO;
				SDKROOT = iphoneos;
				VALIDATE_PRODUCT = YES;
			};
			name = Release;
		};
		3767DCAF1CACCE5200F6004D /* Debug */ = {
			isa = XCBuildConfiguration;
			buildSettings = {
				ASSETCATALOG_COMPILER_APPICON_NAME = AppIcon;
				INFOPLIST_FILE = TableViewSingleSelectDemo/Info.plist;
				LD_RUNPATH_SEARCH_PATHS = "$(inherited) @executable_path/Frameworks";
				PRODUCT_BUNDLE_IDENTIFIER = com.lamco.TableViewSingleSelectDemo;
				PRODUCT_NAME = "$(TARGET_NAME)";
			};
			name = Debug;
		};
		3767DCB01CACCE5200F6004D /* Release */ = {
			isa = XCBuildConfiguration;
			buildSettings = {
				ASSETCATALOG_COMPILER_APPICON_NAME = AppIcon;
				INFOPLIST_FILE = TableViewSingleSelectDemo/Info.plist;
				LD_RUNPATH_SEARCH_PATHS = "$(inherited) @executable_path/Frameworks";
				PRODUCT_BUNDLE_IDENTIFIER = com.lamco.TableViewSingleSelectDemo;
				PRODUCT_NAME = "$(TARGET_NAME)";
			};
			name = Release;
		};
		3767DCB21CACCE5200F6004D /* Debug */ = {
			isa = XCBuildConfiguration;
			buildSettings = {
				BUNDLE_LOADER = "$(TEST_HOST)";
				INFOPLIST_FILE = TableViewSingleSelectDemoTests/Info.plist;
				LD_RUNPATH_SEARCH_PATHS = "$(inherited) @executable_path/Frameworks @loader_path/Frameworks";
				PRODUCT_BUNDLE_IDENTIFIER = com.lamco.TableViewSingleSelectDemoTests;
				PRODUCT_NAME = "$(TARGET_NAME)";
				TEST_HOST = "$(BUILT_PRODUCTS_DIR)/TableViewSingleSelectDemo.app/TableViewSingleSelectDemo";
			};
			name = Debug;
		};
		3767DCB31CACCE5200F6004D /* Release */ = {
			isa = XCBuildConfiguration;
			buildSettings = {
				BUNDLE_LOADER = "$(TEST_HOST)";
				INFOPLIST_FILE = TableViewSingleSelectDemoTests/Info.plist;
				LD_RUNPATH_SEARCH_PATHS = "$(inherited) @executable_path/Frameworks @loader_path/Frameworks";
				PRODUCT_BUNDLE_IDENTIFIER = com.lamco.TableViewSingleSelectDemoTests;
				PRODUCT_NAME = "$(TARGET_NAME)";
				TEST_HOST = "$(BUILT_PRODUCTS_DIR)/TableViewSingleSelectDemo.app/TableViewSingleSelectDemo";
			};
			name = Release;
		};
/* End XCBuildConfiguration section */

/* Begin XCConfigurationList section */
		3767DC871CACCE4E00F6004D /* Build configuration list for PBXProject "TableViewSingleSelectDemo" */ = {
			isa = XCConfigurationList;
			buildConfigurations = (
				3767DCAC1CACCE5200F6004D /* Debug */,
				3767DCAD1CACCE5200F6004D /* Release */,
			);
			defaultConfigurationIsVisible = 0;
			defaultConfigurationName = Release;
		};
		3767DCAE1CACCE5200F6004D /* Build configuration list for PBXNativeTarget "TableViewSingleSelectDemo" */ = {
			isa = XCConfigurationList;
			buildConfigurations = (
				3767DCAF1CACCE5200F6004D /* Debug */,
				3767DCB01CACCE5200F6004D /* Release */,
			);
			defaultConfigurationIsVisible = 0;
		};
		3767DCB11CACCE5200F6004D /* Build configuration list for PBXNativeTarget "TableViewSingleSelectDemoTests" */ = {
			isa = XCConfigurationList;
			buildConfigurations = (
				3767DCB21CACCE5200F6004D /* Debug */,
				3767DCB31CACCE5200F6004D /* Release */,
			);
			defaultConfigurationIsVisible = 0;
		};
/* End XCConfigurationList section */
	};
	rootObject = 3767DC841CACCE4E00F6004D /* Project object */;
}
